
Microsoft Visual Studio Solution File, Format Version 12.00
# Visual Studio Version 16
VisualStudioVersion = 16.0.29403.142
MinimumVisualStudioVersion = 10.0.40219.1
Project("{FAE04EC0-301F-11D3-BF4B-00C04F79EFBC}") = "Recognition", "Recognition\Recognition.csproj", "{685206DB-2C43-4A9D-9E88-726870044FA5}"
EndProject
Project("{FAE04EC0-301F-11D3-BF4B-00C04F79EFBC}") = "ImRead", "ImRead\ImRead.csproj", "{293E306B-21D9-43C1-8B2D-4955FB0EB363}"
EndProject
Project("{FAE04EC0-301F-11D3-BF4B-00C04F79EFBC}") = "Interface", "Interface\Interface.csproj", "{BBFE7DFB-6818-4735-93FB-E084C3965F2D}"
EndProject
Global
	GlobalSection(SolutionConfigurationPlatforms) = preSolution
		Debug|Any CPU = Debug|Any CPU
		Debug|x64 = Debug|x64
		Debug|x86 = Debug|x86
		Release|Any CPU = Release|Any CPU
		Release|x64 = Release|x64
		Release|x86 = Release|x86
	EndGlobalSection
	GlobalSection(ProjectConfigurationPlatforms) = postSolution
		{685206DB-2C43-4A9D-9E88-726870044FA5}.Debug|Any CPU.ActiveCfg = Debug|Any CPU
		{685206DB-2C43-4A9D-9E88-726870044FA5}.Debug|Any CPU.Build.0 = Debug|Any CPU
		{685206DB-2C43-4A9D-9E88-726870044FA5}.Debug|x64.ActiveCfg = Debug|Any CPU
		{685206DB-2C43-4A9D-9E88-726870044FA5}.Debug|x64.Build.0 = Debug|Any CPU
		{685206DB-2C43-4A9D-9E88-726870044FA5}.Debug|x86.ActiveCfg = Debug|Any CPU
		{685206DB-2C43-4A9D-9E88-726870044FA5}.Debug|x86.Build.0 = Debug|Any CPU
		{685206DB-2C43-4A9D-9E88-726870044FA5}.Release|Any CPU.ActiveCfg = Release|Any CPU
		{685206DB-2C43-4A9D-9E88-726870044FA5}.Release|Any CPU.Build.0 = Release|Any CPU
		{685206DB-2C43-4A9D-9E88-726870044FA5}.Release|x64.ActiveCfg = Release|Any CPU
		{685206DB-2C43-4A9D-9E88-726870044FA5}.Release|x64.Build.0 = Release|Any CPU
		{685206DB-2C43-4A9D-9E88-726870044FA5}.Release|x86.ActiveCfg = Release|Any CPU
		{685206DB-2C43-4A9D-9E88-726870044FA5}.Release|x86.Build.0 = Release|Any CPU
		{293E306B-21D9-43C1-8B2D-4955FB0EB363}.Debug|Any CPU.ActiveCfg = Debug|Any CPU
		{293E306B-21D9-43C1-8B2D-4955FB0EB363}.Debug|Any CPU.Build.0 = Debug|Any CPU
		{293E306B-21D9-43C1-8B2D-4955FB0EB363}.Debug|x64.ActiveCfg = Debug|Any CPU
		{293E306B-21D9-43C1-8B2D-4955FB0EB363}.Debug|x64.Build.0 = Debug|Any CPU
		{293E306B-21D9-43C1-8B2D-4955FB0EB363}.Debug|x86.ActiveCfg = Debug|Any CPU
		{293E306B-21D9-43C1-8B2D-4955FB0EB363}.Debug|x86.Build.0 = Debug|Any CPU
		{293E306B-21D9-43C1-8B2D-4955FB0EB363}.Release|Any CPU.ActiveCfg = Release|Any CPU
		{293E306B-21D9-43C1-8B2D-4955FB0EB363}.Release|Any CPU.Build.0 = Release|Any CPU
		{293E306B-21D9-43C1-8B2D-4955FB0EB363}.Release|x64.ActiveCfg = Release|Any CPU
		{293E306B-21D9-43C1-8B2D-4955FB0EB363}.Release|x64.Build.0 = Release|Any CPU
		{293E306B-21D9-43C1-8B2D-4955FB0EB363}.Release|x86.ActiveCfg = Release|Any CPU
		{293E306B-21D9-43C1-8B2D-4955FB0EB363}.Release|x86.Build.0 = Release|Any CPU
		{BBFE7DFB-6818-4735-93FB-E084C3965F2D}.Debug|Any CPU.ActiveCfg = Debug|Any CPU
		{BBFE7DFB-6818-4735-93FB-E084C3965F2D}.Debug|Any CPU.Build.0 = Debug|Any CPU
		{BBFE7DFB-6818-4735-93FB-E084C3965F2D}.Debug|x64.ActiveCfg = Debug|Any CPU
		{BBFE7DFB-6818-4735-93FB-E084C3965F2D}.Debug|x64.Build.0 = Debug|Any CPU
		{BBFE7DFB-6818-4735-93FB-E084C3965F2D}.Debug|x86.ActiveCfg = Debug|Any CPU
		{BBFE7DFB-6818-4735-93FB-E084C3965F2D}.Debug|x86.Build.0 = Debug|Any CPU
		{BBFE7DFB-6818-4735-93FB-E084C3965F2D}.Release|Any CPU.ActiveCfg = Release|Any CPU
		{BBFE7DFB-6818-4735-93FB-E084C3965F2D}.Release|Any CPU.Build.0 = Release|Any CPU
		{BBFE7DFB-6818-4735-93FB-E084C3965F2D}.Release|x64.ActiveCfg = Release|Any CPU
		{BBFE7DFB-6818-4735-93FB-E084C3965F2D}.Release|x64.Build.0 = Release|Any CPU
		{BBFE7DFB-6818-4735-93FB-E084C3965F2D}.Release|x86.ActiveCfg = Release|Any CPU
		{BBFE7DFB-6818-4735-93FB-E084C3965F2D}.Release|x86.Build.0 = Release|Any CPU
	EndGlobalSection
	GlobalSection(SolutionProperties) = preSolution
		HideSolutionNode = FALSE
	EndGlobalSection
	GlobalSection(ExtensibilityGlobals) = postSolution
		SolutionGuid = {AA98BDAE-F722-410C-82F5-03599D033B08}
	EndGlobalSection
EndGlobal
